
Microsoft Visual Studio Solution File, Format Version 12.00
# Visual Studio Version 17
VisualStudioVersion = 17.3.32825.248
MinimumVisualStudioVersion = 10.0.40219.1
Project("{FAE04EC0-301F-11D3-BF4B-00C04F79EFBC}") = "WEB_253551_Levchuk", "WEB_253551_Levchuk\WEB_253551_Levchuk.csproj", "{7B53C4AD-73AC-4528-BE07-F509A33CECAB}"
EndProject
Project("{FAE04EC0-301F-11D3-BF4B-00C04F79EFBC}") = "WEB_253551_Levchuk.API", "WEB_253551_Levchuk.API\WEB_253551_Levchuk.API.csproj", "{BE485941-8AA7-4690-8ABA-2CD05D5F84D6}"
EndProject
Project("{FAE04EC0-301F-11D3-BF4B-00C04F79EFBC}") = "WEB_253551_Levchuk.BlazorUI", "WEB_253551_Levchuk.BlazorUI\WEB_253551_Levchuk.BlazorUI.csproj", "{7ABC7714-78DD-4249-9FCF-89875BF5B6BD}"
EndProject
Global
	GlobalSection(SolutionConfigurationPlatforms) = preSolution
		Debug|Any CPU = Debug|Any CPU
		Release|Any CPU = Release|Any CPU
	EndGlobalSection
	GlobalSection(ProjectConfigurationPlatforms) = postSolution
		{7B53C4AD-73AC-4528-BE07-F509A33CECAB}.Debug|Any CPU.ActiveCfg = Debug|Any CPU
		{7B53C4AD-73AC-4528-BE07-F509A33CECAB}.Debug|Any CPU.Build.0 = Debug|Any CPU
		{7B53C4AD-73AC-4528-BE07-F509A33CECAB}.Release|Any CPU.ActiveCfg = Release|Any CPU
		{7B53C4AD-73AC-4528-BE07-F509A33CECAB}.Release|Any CPU.Build.0 = Release|Any CPU
		{BE485941-8AA7-4690-8ABA-2CD05D5F84D6}.Debug|Any CPU.ActiveCfg = Debug|Any CPU
		{BE485941-8AA7-4690-8ABA-2CD05D5F84D6}.Debug|Any CPU.Build.0 = Debug|Any CPU
		{BE485941-8AA7-4690-8ABA-2CD05D5F84D6}.Release|Any CPU.ActiveCfg = Release|Any CPU
		{BE485941-8AA7-4690-8ABA-2CD05D5F84D6}.Release|Any CPU.Build.0 = Release|Any CPU
		{7ABC7714-78DD-4249-9FCF-89875BF5B6BD}.Debug|Any CPU.ActiveCfg = Debug|Any CPU
		{7ABC7714-78DD-4249-9FCF-89875BF5B6BD}.Debug|Any CPU.Build.0 = Debug|Any CPU
		{7ABC7714-78DD-4249-9FCF-89875BF5B6BD}.Release|Any CPU.ActiveCfg = Release|Any CPU
		{7ABC7714-78DD-4249-9FCF-89875BF5B6BD}.Release|Any CPU.Build.0 = Release|Any CPU
	EndGlobalSection
	GlobalSection(SolutionProperties) = preSolution
		HideSolutionNode = FALSE
	EndGlobalSection
	GlobalSection(ExtensibilityGlobals) = postSolution
		SolutionGuid = {8BB541E4-B155-43A7-9BE5-9D53F4EFB521}
	EndGlobalSection
EndGlobal
